# THIS IS AN AUTOGENERATED FILE. DO NOT EDIT THIS FILE DIRECTLY.
# yarn lockfile v1


spark-md5@^3.0.2:
  version "3.0.2"
  resolved "https://registry.npm.wps.cn/spark-md5/download/spark-md5-3.0.2.tgz#7952c4a30784347abcee73268e473b9c0167e3fc"
  integrity sha1-eVLEoweENHq87nMmjkc7nAFn4/w=

yma-ee@^1.0.0:
  version "1.0.0"
  resolved "https://registry.yarnpkg.com/yma-ee/-/yma-ee-1.0.0.tgz#1c91dcddd1922cb5b7bb35eb966271311d1fea7a"
  integrity sha512-EHolIJow1Qu+nMQVjSOWLEjlXgVpr1tbSgaAWYV3dCADnZbkjBW3mr1RK6qsX0MLacGITSh31Ea/bfDqpNHNiQ==
